
Microsoft Visual Studio Solution File, Format Version 12.00
# Visual Studio Version 17
VisualStudioVersion = 17.2.32630.192
MinimumVisualStudioVersion = 10.0.40219.1
Project("{FAE04EC0-301F-11D3-BF4B-00C04F79EFBC}") = "DummyApi", "DummyApi\DummyApi.csproj", "{70A50A39-F044-4F3A-A88A-4CC07BC6BC0B}"
EndProject
Global
	GlobalSection(SolutionConfigurationPlatforms) = preSolution
		Debug|Any CPU = Debug|Any CPU
		Release|Any CPU = Release|Any CPU
	EndGlobalSection
	GlobalSection(ProjectConfigurationPlatforms) = postSolution
		{70A50A39-F044-4F3A-A88A-4CC07BC6BC0B}.Debug|Any CPU.ActiveCfg = Debug|Any CPU
		{70A50A39-F044-4F3A-A88A-4CC07BC6BC0B}.Debug|Any CPU.Build.0 = Debug|Any CPU
		{70A50A39-F044-4F3A-A88A-4CC07BC6BC0B}.Release|Any CPU.ActiveCfg = Release|Any CPU
		{70A50A39-F044-4F3A-A88A-4CC07BC6BC0B}.Release|Any CPU.Build.0 = Release|Any CPU
	EndGlobalSection
	GlobalSection(SolutionProperties) = preSolution
		HideSolutionNode = FALSE
	EndGlobalSection
	GlobalSection(ExtensibilityGlobals) = postSolution
		SolutionGuid = {B2995128-5CCB-4971-805E-2E853279CBB2}
	EndGlobalSection
EndGlobal
