
Microsoft Visual Studio Solution File, Format Version 12.00
# Visual Studio Version 17
VisualStudioVersion = 17.2.32630.192
MinimumVisualStudioVersion = 10.0.40219.1
Project("{FAE04EC0-301F-11D3-BF4B-00C04F79EFBC}") = "PersonsApi", "PersonsApi\PersonsApi.csproj", "{44E2174C-A41F-4AE2-B1C5-889097418946}"
EndProject
Global
	GlobalSection(SolutionConfigurationPlatforms) = preSolution
		Debug|Any CPU = Debug|Any CPU
		Release|Any CPU = Release|Any CPU
	EndGlobalSection
	GlobalSection(ProjectConfigurationPlatforms) = postSolution
		{44E2174C-A41F-4AE2-B1C5-889097418946}.Debug|Any CPU.ActiveCfg = Debug|Any CPU
		{44E2174C-A41F-4AE2-B1C5-889097418946}.Debug|Any CPU.Build.0 = Debug|Any CPU
		{44E2174C-A41F-4AE2-B1C5-889097418946}.Release|Any CPU.ActiveCfg = Release|Any CPU
		{44E2174C-A41F-4AE2-B1C5-889097418946}.Release|Any CPU.Build.0 = Release|Any CPU
	EndGlobalSection
	GlobalSection(SolutionProperties) = preSolution
		HideSolutionNode = FALSE
	EndGlobalSection
	GlobalSection(ExtensibilityGlobals) = postSolution
		SolutionGuid = {81319D0C-C41F-4872-AA08-D3B579813BD3}
	EndGlobalSection
EndGlobal
