
Microsoft Visual Studio Solution File, Format Version 12.00
# Visual Studio Version 17
VisualStudioVersion = 17.2.32630.192
MinimumVisualStudioVersion = 10.0.40219.1
Project("{FAE04EC0-301F-11D3-BF4B-00C04F79EFBC}") = "Api_Crud_Project", "Api_Crud_Project\Api_Crud_Project.csproj", "{0B1D9B47-090B-4F06-A647-0AABBED0F945}"
EndProject
Global
	GlobalSection(SolutionConfigurationPlatforms) = preSolution
		Debug|Any CPU = Debug|Any CPU
		Release|Any CPU = Release|Any CPU
	EndGlobalSection
	GlobalSection(ProjectConfigurationPlatforms) = postSolution
		{0B1D9B47-090B-4F06-A647-0AABBED0F945}.Debug|Any CPU.ActiveCfg = Debug|Any CPU
		{0B1D9B47-090B-4F06-A647-0AABBED0F945}.Debug|Any CPU.Build.0 = Debug|Any CPU
		{0B1D9B47-090B-4F06-A647-0AABBED0F945}.Release|Any CPU.ActiveCfg = Release|Any CPU
		{0B1D9B47-090B-4F06-A647-0AABBED0F945}.Release|Any CPU.Build.0 = Release|Any CPU
	EndGlobalSection
	GlobalSection(SolutionProperties) = preSolution
		HideSolutionNode = FALSE
	EndGlobalSection
	GlobalSection(ExtensibilityGlobals) = postSolution
		SolutionGuid = {2A5C4440-6A07-455F-889C-A11B864CE34F}
	EndGlobalSection
EndGlobal
